
Microsoft Visual Studio Solution File, Format Version 12.00
# Visual Studio Version 17
VisualStudioVersion = 17.14.36202.13
MinimumVisualStudioVersion = 10.0.40219.1
Project("{FAE04EC0-301F-11D3-BF4B-00C04F79EFBC}") = "DTOs", "..\CETS.Core\DTOs\DTOs.csproj", "{3E70B586-92C1-151F-6580-CD803A701874}"
EndProject
Project("{FAE04EC0-301F-11D3-BF4B-00C04F79EFBC}") = "CETS.Worker", "CETS.Worker\CETS.Worker.csproj", "{76806E21-8CBD-488D-BDA8-77ED61EBF716}"
EndProject
Project("{2150E333-8FDC-42A3-9474-1A3956D46DE8}") = "CETS.Core.Shared", "CETS.Core.Shared", "{02EA681E-C7D8-13C7-8484-4AC65E1B71E8}"
EndProject
Project("{2150E333-8FDC-42A3-9474-1A3956D46DE8}") = "CETS.Core.Web", "CETS.Core.Web", "{81680C71-87CE-4F1C-B4C8-B23F1B8E71EA}"
EndProject
Project("{FAE04EC0-301F-11D3-BF4B-00C04F79EFBC}") = "Application", "..\CETS.Core\Application\Application.csproj", "{B61335A5-1773-AF19-0D3E-DE96C9DA12B1}"
EndProject
Project("{FAE04EC0-301F-11D3-BF4B-00C04F79EFBC}") = "Domain", "..\CETS.Core\Domain\Domain.csproj", "{A42AA047-79EC-0EAE-9E9C-CF0860D5B2AE}"
EndProject
Project("{FAE04EC0-301F-11D3-BF4B-00C04F79EFBC}") = "Infrastructure", "..\CETS.Core\Infrastructure\Infrastructure.csproj", "{B7531B49-50CD-7619-AA70-4EECF49F91FC}"
EndProject
Global
	GlobalSection(SolutionConfigurationPlatforms) = preSolution
		Debug|Any CPU = Debug|Any CPU
		Release|Any CPU = Release|Any CPU
	EndGlobalSection
	GlobalSection(ProjectConfigurationPlatforms) = postSolution
		{3E70B586-92C1-151F-6580-CD803A701874}.Debug|Any CPU.ActiveCfg = Debug|Any CPU
		{3E70B586-92C1-151F-6580-CD803A701874}.Debug|Any CPU.Build.0 = Debug|Any CPU
		{3E70B586-92C1-151F-6580-CD803A701874}.Release|Any CPU.ActiveCfg = Release|Any CPU
		{3E70B586-92C1-151F-6580-CD803A701874}.Release|Any CPU.Build.0 = Release|Any CPU
		{76806E21-8CBD-488D-BDA8-77ED61EBF716}.Debug|Any CPU.ActiveCfg = Debug|Any CPU
		{76806E21-8CBD-488D-BDA8-77ED61EBF716}.Debug|Any CPU.Build.0 = Debug|Any CPU
		{76806E21-8CBD-488D-BDA8-77ED61EBF716}.Release|Any CPU.ActiveCfg = Release|Any CPU
		{76806E21-8CBD-488D-BDA8-77ED61EBF716}.Release|Any CPU.Build.0 = Release|Any CPU
		{B61335A5-1773-AF19-0D3E-DE96C9DA12B1}.Debug|Any CPU.ActiveCfg = Debug|Any CPU
		{B61335A5-1773-AF19-0D3E-DE96C9DA12B1}.Debug|Any CPU.Build.0 = Debug|Any CPU
		{B61335A5-1773-AF19-0D3E-DE96C9DA12B1}.Release|Any CPU.ActiveCfg = Release|Any CPU
		{B61335A5-1773-AF19-0D3E-DE96C9DA12B1}.Release|Any CPU.Build.0 = Release|Any CPU
		{A42AA047-79EC-0EAE-9E9C-CF0860D5B2AE}.Debug|Any CPU.ActiveCfg = Debug|Any CPU
		{A42AA047-79EC-0EAE-9E9C-CF0860D5B2AE}.Debug|Any CPU.Build.0 = Debug|Any CPU
		{A42AA047-79EC-0EAE-9E9C-CF0860D5B2AE}.Release|Any CPU.ActiveCfg = Release|Any CPU
		{A42AA047-79EC-0EAE-9E9C-CF0860D5B2AE}.Release|Any CPU.Build.0 = Release|Any CPU
		{B7531B49-50CD-7619-AA70-4EECF49F91FC}.Debug|Any CPU.ActiveCfg = Debug|Any CPU
		{B7531B49-50CD-7619-AA70-4EECF49F91FC}.Debug|Any CPU.Build.0 = Debug|Any CPU
		{B7531B49-50CD-7619-AA70-4EECF49F91FC}.Release|Any CPU.ActiveCfg = Release|Any CPU
		{B7531B49-50CD-7619-AA70-4EECF49F91FC}.Release|Any CPU.Build.0 = Release|Any CPU
	EndGlobalSection
	GlobalSection(SolutionProperties) = preSolution
		HideSolutionNode = FALSE
	EndGlobalSection
	GlobalSection(NestedProjects) = preSolution
		{3E70B586-92C1-151F-6580-CD803A701874} = {02EA681E-C7D8-13C7-8484-4AC65E1B71E8}
		{B61335A5-1773-AF19-0D3E-DE96C9DA12B1} = {81680C71-87CE-4F1C-B4C8-B23F1B8E71EA}
		{A42AA047-79EC-0EAE-9E9C-CF0860D5B2AE} = {81680C71-87CE-4F1C-B4C8-B23F1B8E71EA}
		{B7531B49-50CD-7619-AA70-4EECF49F91FC} = {81680C71-87CE-4F1C-B4C8-B23F1B8E71EA}
	EndGlobalSection
	GlobalSection(ExtensibilityGlobals) = postSolution
		SolutionGuid = {06998DB3-7912-4BA0-B6F1-E27A80860D75}
	EndGlobalSection
EndGlobal
